# This file was autogenerated by Stack.
# You should not edit this file by hand.
# For more information, please see the documentation at:
#   https://docs.haskellstack.org/en/stable/lock_files

packages:
- completed:
    hackage: pangraph-0.2.1@sha256:22a5b03a2b4e19174275d0326d81bfb2f6c22634b32abd5762cb67d7bf6214d5,2825
    pantry-tree:
      size: 1423
      sha256: de9c053d78911b45a2508c3a640e11d5185560be4fbc4bfb8399a384e52ea66c
  original:
    hackage: pangraph-0.2.1@sha256:22a5b03a2b4e19174275d0326d81bfb2f6c22634b32abd5762cb67d7bf6214d5,2825
- completed:
    hackage: algebraic-graphs-0.2@sha256:c0700acf56290af3c5e00c2ce83efa16d3524f47a9ed89991353c0f2fd3fb15f,7297
    pantry-tree:
      size: 2998
      sha256: 5ca7fde76bb2f6029a9652b2ab1b8cf12a3287ee5b4613c56703f9a16f8ec945
  original:
    hackage: algebraic-graphs-0.2@sha256:c0700acf56290af3c5e00c2ce83efa16d3524f47a9ed89991353c0f2fd3fb15f,7297
- completed:
    hackage: containers-0.5.11.0@sha256:28ad7337057442f75bc689315ab4ec7bdf5e6b2c39668f306672cecd82c02798,16685
    pantry-tree:
      size: 4849
      sha256: faa4e75922a28f7cfe9920c1d7ab3866b792cefcd29bf79f54cfe3b6b5f57cbf
  original:
    hackage: containers-0.5.11.0@sha256:28ad7337057442f75bc689315ab4ec7bdf5e6b2c39668f306672cecd82c02798,16685
- completed:
    hackage: fgl-5.6.0.0@sha256:e068fbadbefeb7dba1c433e8bba9402c753566a24c4e3cdbfdfe656d58b8259f,3595
    pantry-tree:
      size: 2748
      sha256: 1710af15f11a804ed78e9af2107199836f2a800208df587684bf6357b8d2e7c1
  original:
    hackage: fgl-5.6.0.0@sha256:e068fbadbefeb7dba1c433e8bba9402c753566a24c4e3cdbfdfe656d58b8259f,3595
snapshots:
- completed:
    size: 500539
    url: https://raw.githubusercontent.com/commercialhaskell/stackage-snapshots/master/lts/13/29.yaml
    sha256: 006398c5e92d1d64737b7e98ae4d63987c36808814504d1451f56ebd98093f75
  original: lts-13.29
